// !$*UTF8*$!
{
	archiveVersion = 1;
	classes = {
	};
	objectVersion = 46;
	objects = {

/* Begin PBXBuildFile section */
		AB12CD621D9EF90700EB1474 /* MapKit.framework in Frameworks */ = {isa = PBXBuildFile; fileRef = AB12CD611D9EF90700EB1474 /* MapKit.framework */; };
		AB5ADFD61D9EEAFB00571F93 /* AppDelegate.swift in Sources */ = {isa = PBXBuildFile; fileRef = AB5ADFD51D9EEAFB00571F93 /* AppDelegate.swift */; };
		AB5ADFD81D9EEAFB00571F93 /* ViewController.swift in Sources */ = {isa = PBXBuildFile; fileRef = AB5ADFD71D9EEAFB00571F93 /* ViewController.swift */; };
		AB5ADFDB1D9EEAFB00571F93 /* Main.storyboard in Resources */ = {isa = PBXBuildFile; fileRef = AB5ADFD91D9EEAFB00571F93 /* Main.storyboard */; };
		AB5ADFDE1D9EEAFB00571F93 /* PokemonAdam.xcdatamodeld in Sources */ = {isa = PBXBuildFile; fileRef = AB5ADFDC1D9EEAFB00571F93 /* PokemonAdam.xcdatamodeld */; };
		AB5ADFE01D9EEAFB00571F93 /* Assets.xcassets in Resources */ = {isa = PBXBuildFile; fileRef = AB5ADFDF1D9EEAFB00571F93 /* Assets.xcassets */; };
		AB5ADFE31D9EEAFB00571F93 /* LaunchScreen.storyboard in Resources */ = {isa = PBXBuildFile; fileRef = AB5ADFE11D9EEAFB00571F93 /* LaunchScreen.storyboard */; };
/* End PBXBuildFile section */

/* Begin PBXFileReference section */
		AB12CD611D9EF90700EB1474 /* MapKit.framework */ = {isa = PBXFileReference; lastKnownFileType = wrapper.framework; name = MapKit.framework; path = System/Library/Frameworks/MapKit.framework; sourceTree = SDKROOT; };
		AB5ADFD21D9EEAFB00571F93 /* PokemonAdam.app */ = {isa = PBXFileReference; explicitFileType = wrapper.application; includeInIndex = 0; path = PokemonAdam.app; sourceTree = BUILT_PRODUCTS_DIR; };
		AB5ADFD51D9EEAFB00571F93 /* AppDelegate.swift */ = {isa = PBXFileReference; lastKnownFileType = sourcecode.swift; path = AppDelegate.swift; sourceTree = "<group>"; };
		AB5ADFD71D9EEAFB00571F93 /* ViewController.swift */ = {isa = PBXFileReference; lastKnownFileType = sourcecode.swift; path = ViewController.swift; sourceTree = "<group>"; };
		AB5ADFDA1D9EEAFB00571F93 /* Base */ = {isa = PBXFileReference; lastKnownFileType = file.storyboard; name = Base; path = Base.lproj/Main.storyboard; sourceTree = "<group>"; };
		AB5ADFDD1D9EEAFB00571F93 /* PokemonAdam.xcdatamodel */ = {isa = PBXFileReference; lastKnownFileType = wrapper.xcdatamodel; path = PokemonAdam.xcdatamodel; sourceTree = "<group>"; };
		AB5ADFDF1D9EEAFB00571F93 /* Assets.xcassets */ = {isa = PBXFileReference; lastKnownFileType = folder.assetcatalog; path = Assets.xcassets; sourceTree = "<group>"; };
		AB5ADFE21D9EEAFB00571F93 /* Base */ = {isa = PBXFileReference; lastKnownFileType = file.storyboard; name = Base; path = Base.lproj/LaunchScreen.storyboard; sourceTree = "<group>"; };
		AB5ADFE41D9EEAFB00571F93 /* Info.plist */ = {isa = PBXFileReference; lastKnownFileType = text.plist.xml; path = Info.plist; sourceTree = "<group>"; };
/* End PBXFileReference section */

/* Begin PBXFrameworksBuildPhase section */
		AB5ADFCF1D9EEAFB00571F93 /* Frameworks */ = {
			isa = PBXFrameworksBuildPhase;
			buildActionMask = 2147483647;
			files = (
				AB12CD621D9EF90700EB1474 /* MapKit.framework in Frameworks */,
			);
			runOnlyForDeploymentPostprocessing = 0;
		};
/* End PBXFrameworksBuildPhase section */

/* Begin PBXGroup section */
		AB12CD601D9EF90700EB1474 /* Frameworks */ = {
			isa = PBXGroup;
			children = (
				AB12CD611D9EF90700EB1474 /* MapKit.framework */,
			);
			name = Frameworks;
			sourceTree = "<group>";
		};
		AB5ADFC91D9EEAFB00571F93 = {
			isa = PBXGroup;
			children = (
				AB5ADFD41D9EEAFB00571F93 /* PokemonAdam */,
				AB5ADFD31D9EEAFB00571F93 /* Products */,
				AB12CD601D9EF90700EB1474 /* Frameworks */,
			);
			sourceTree = "<group>";
		};
		AB5ADFD31D9EEAFB00571F93 /* Products */ = {
			isa = PBXGroup;
			children = (
				AB5ADFD21D9EEAFB00571F93 /* PokemonAdam.app */,
			);
			name = Products;
			sourceTree = "<group>";
		};
		AB5ADFD41D9EEAFB00571F93 /* PokemonAdam */ = {
			isa = PBXGroup;
			children = (
				AB5ADFD51D9EEAFB00571F93 /* AppDelegate.swift */,
				AB5ADFD71D9EEAFB00571F93 /* ViewController.swift */,
				AB5ADFD91D9EEAFB00571F93 /* Main.storyboard */,
				AB5ADFDF1D9EEAFB00571F93 /* Assets.xcassets */,
				AB5ADFE11D9EEAFB00571F93 /* LaunchScreen.storyboard */,
				AB5ADFE41D9EEAFB00571F93 /* Info.plist */,
				AB5ADFDC1D9EEAFB00571F93 /* PokemonAdam.xcdatamodeld */,
			);
			path = PokemonAdam;
			sourceTree = "<group>";
		};
/* End PBXGroup section */

/* Begin PBXNativeTarget section */
		AB5ADFD11D9EEAFB00571F93 /* PokemonAdam */ = {
			isa = PBXNativeTarget;
			buildConfigurationList = AB5ADFE71D9EEAFB00571F93 /* Build configuration list for PBXNativeTarget "PokemonAdam" */;
			buildPhases = (
				AB5ADFCE1D9EEAFB00571F93 /* Sources */,
				AB5ADFCF1D9EEAFB00571F93 /* Frameworks */,
				AB5ADFD01D9EEAFB00571F93 /* Resources */,
			);
			buildRules = (
			);
			dependencies = (
			);
			name = PokemonAdam;
			productName = PokemonAdam;
			productReference = AB5ADFD21D9EEAFB00571F93 /* PokemonAdam.app */;
			productType = "com.apple.product-type.application";
		};
/* End PBXNativeTarget section */

/* Begin PBXProject section */
		AB5ADFCA1D9EEAFB00571F93 /* Project object */ = {
			isa = PBXProject;
			attributes = {
				LastSwiftUpdateCheck = 0810;
				LastUpgradeCheck = 0810;
				ORGANIZATIONNAME = "MIchael Cruz";
				TargetAttributes = {
					AB5ADFD11D9EEAFB00571F93 = {
						CreatedOnToolsVersion = 8.1;
						DevelopmentTeam = NQS57WE77C;
						ProvisioningStyle = Automatic;
					};
				};
			};
			buildConfigurationList = AB5ADFCD1D9EEAFB00571F93 /* Build configuration list for PBXProject "PokemonAdam" */;
			compatibilityVersion = "Xcode 3.2";
			developmentRegion = English;
			hasScannedForEncodings = 0;
			knownRegions = (
				en,
				Base,
			);
			mainGroup = AB5ADFC91D9EEAFB00571F93;
			productRefGroup = AB5ADFD31D9EEAFB00571F93 /* Products */;
			projectDirPath = "";
			projectRoot = "";
			targets = (
				AB5ADFD11D9EEAFB00571F93 /* PokemonAdam */,
			);
		};
/* End PBXProject section */

/* Begin PBXResourcesBuildPhase section */
		AB5ADFD01D9EEAFB00571F93 /* Resources */ = {
			isa = PBXResourcesBuildPhase;
			buildActionMask = 2147483647;
			files = (
				AB5ADFE31D9EEAFB00571F93 /* LaunchScreen.storyboard in Resources */,
				AB5ADFE01D9EEAFB00571F93 /* Assets.xcassets in Resources */,
				AB5ADFDB1D9EEAFB00571F93 /* Main.storyboard in Resources */,
			);
			runOnlyForDeploymentPostprocessing = 0;
		};
/* End PBXResourcesBuildPhase section */

/* Begin PBXSourcesBuildPhase section */
		AB5ADFCE1D9EEAFB00571F93 /* Sources */ = {
			isa = PBXSourcesBuildPhase;
			buildActionMask = 2147483647;
			files = (
				AB5ADFD81D9EEAFB00571F93 /* ViewController.swift in Sources */,
				AB5ADFD61D9EEAFB00571F93 /* AppDelegate.swift in Sources */,
				AB5ADFDE1D9EEAFB00571F93 /* PokemonAdam.xcdatamodeld in Sources */,
			);
			runOnlyForDeploymentPostprocessing = 0;
		};
/* End PBXSourcesBuildPhase section */

/* Begin PBXVariantGroup section */
		AB5ADFD91D9EEAFB00571F93 /* Main.storyboard */ = {
			isa = PBXVariantGroup;
			children = (
				AB5ADFDA1D9EEAFB00571F93 /* Base */,
			);
			name = Main.storyboard;
			sourceTree = "<group>";
		};
		AB5ADFE11D9EEAFB00571F93 /* LaunchScreen.storyboard */ = {
			isa = PBXVariantGroup;
			children = (
				AB5ADFE21D9EEAFB00571F93 /* Base */,
			);
			name = LaunchScreen.storyboard;
			sourceTree = "<group>";
		};
/* End PBXVariantGroup section */

/* Begin XCBuildConfiguration section */
		AB5ADFE51D9EEAFB00571F93 /* Debug */ = {
			isa = XCBuildConfiguration;
			buildSettings = {
				ALWAYS_SEARCH_USER_PATHS = NO;
				CLANG_ANALYZER_NONNULL = YES;
				CLANG_CXX_LANGUAGE_STANDARD = "gnu++0x";
				CLANG_CXX_LIBRARY = "libc++";
				CLANG_ENABLE_MODULES = YES;
				CLANG_ENABLE_OBJC_ARC = YES;
				CLANG_WARN_BOOL_CONVERSION = YES;
				CLANG_WARN_CONSTANT_CONVERSION = YES;
				CLANG_WARN_DIRECT_OBJC_ISA_USAGE = YES_ERROR;
				CLANG_WARN_DOCUMENTATION_COMMENTS = YES;
				CLANG_WARN_EMPTY_BODY = YES;
				CLANG_WARN_ENUM_CONVERSION = YES;
				CLANG_WARN_INFINITE_RECURSION = YES;
				CLANG_WARN_INT_CONVERSION = YES;
				CLANG_WARN_OBJC_ROOT_CLASS = YES_ERROR;
				CLANG_WARN_SUSPICIOUS_MOVES = YES;
				CLANG_WARN_UNREACHABLE_CODE = YES;
				CLANG_WARN__DUPLICATE_METHOD_MATCH = YES;
				"CODE_SIGN_IDENTITY[sdk=iphoneos*]" = "iPhone Developer";
				COPY_PHASE_STRIP = NO;
				DEBUG_INFORMATION_FORMAT = dwarf;
				ENABLE_STRICT_OBJC_MSGSEND = YES;
				ENABLE_TESTABILITY = YES;
				GCC_C_LANGUAGE_STANDARD = gnu99;
				GCC_DYNAMIC_NO_PIC = NO;
				GCC_NO_COMMON_BLOCKS = YES;
				GCC_OPTIMIZATION_LEVEL = 0;
				GCC_PREPROCESSOR_DEFINITIONS = (
					"DEBUG=1",
					"$(inherited)",
				);
				GCC_WARN_64_TO_32_BIT_CONVERSION = YES;
				GCC_WARN_ABOUT_RETURN_TYPE = YES_ERROR;
				GCC_WARN_UNDECLARED_SELECTOR = YES;
				GCC_WARN_UNINITIALIZED_AUTOS = YES_AGGRESSIVE;
				GCC_WARN_UNUSED_FUNCTION = YES;
				GCC_WARN_UNUSED_VARIABLE = YES;
				IPHONEOS_DEPLOYMENT_TARGET = 10.0;
				MTL_ENABLE_DEBUG_INFO = YES;
				ONLY_ACTIVE_ARCH = YES;
				SDKROOT = iphoneos;
				SWIFT_ACTIVE_COMPILATION_CONDITIONS = DEBUG;
				SWIFT_OPTIMIZATION_LEVEL = "-Onone";
				TARGETED_DEVICE_FAMILY = "1,2";
			};
			name = Debug;
		};
		AB5ADFE61D9EEAFB00571F93 /* Release */ = {
			isa = XCBuildConfiguration;
			buildSettings = {
				ALWAYS_SEARCH_USER_PATHS = NO;
				CLANG_ANALYZER_NONNULL = YES;
				CLANG_CXX_LANGUAGE_STANDARD = "gnu++0x";
				CLANG_CXX_LIBRARY = "libc++";
				CLANG_ENABLE_MODULES = YES;
				CLANG_ENABLE_OBJC_ARC = YES;
				CLANG_WARN_BOOL_CONVERSION = YES;
				CLANG_WARN_CONSTANT_CONVERSION = YES;
				CLANG_WARN_DIRECT_OBJC_ISA_USAGE = YES_ERROR;
				CLANG_WARN_DOCUMENTATION_COMMENTS = YES;
				CLANG_WARN_EMPTY_BODY = YES;
				CLANG_WARN_ENUM_CONVERSION = YES;
				CLANG_WARN_INFINITE_RECURSION = YES;
				CLANG_WARN_INT_CONVERSION = YES;
				CLANG_WARN_OBJC_ROOT_CLASS = YES_ERROR;
				CLANG_WARN_SUSPICIOUS_MOVES = YES;
				CLANG_WARN_UNREACHABLE_CODE = YES;
				CLANG_WARN__DUPLICATE_METHOD_MATCH = YES;
				"CODE_SIGN_IDENTITY[sdk=iphoneos*]" = "iPhone Developer";
				COPY_PHASE_STRIP = NO;
				DEBUG_INFORMATION_FORMAT = "dwarf-with-dsym";
				ENABLE_NS_ASSERTIONS = NO;
				ENABLE_STRICT_OBJC_MSGSEND = YES;
				GCC_C_LANGUAGE_STANDARD = gnu99;
				GCC_NO_COMMON_BLOCKS = YES;
				GCC_WARN_64_TO_32_BIT_CONVERSION = YES;
				GCC_WARN_ABOUT_RETURN_TYPE = YES_ERROR;
				GCC_WARN_UNDECLARED_SELECTOR = YES;
				GCC_WARN_UNINITIALIZED_AUTOS = YES_AGGRESSIVE;
				GCC_WARN_UNUSED_FUNCTION = YES;
				GCC_WARN_UNUSED_VARIABLE = YES;
				IPHONEOS_DEPLOYMENT_TARGET = 10.0;
				MTL_ENABLE_DEBUG_INFO = NO;
				SDKROOT = iphoneos;
				SWIFT_OPTIMIZATION_LEVEL = "-Owholemodule";
				TARGETED_DEVICE_FAMILY = "1,2";
				VALIDATE_PRODUCT = YES;
			};
			name = Release;
		};
		AB5ADFE81D9EEAFB00571F93 /* Debug */ = {
			isa = XCBuildConfiguration;
			buildSettings = {
				ASSETCATALOG_COMPILER_APPICON_NAME = AppIcon;
				DEVELOPMENT_TEAM = NQS57WE77C;
				INFOPLIST_FILE = PokemonAdam/Info.plist;
				IPHONEOS_DEPLOYMENT_TARGET = 10.0;
				LD_RUNPATH_SEARCH_PATHS = "$(inherited) @executable_path/Frameworks";
				PRODUCT_BUNDLE_IDENTIFIER = co.Cruzy.PokemonAdam;
				PRODUCT_NAME = "$(TARGET_NAME)";
				SWIFT_VERSION = 3.0;
				TARGETED_DEVICE_FAMILY = 1;
			};
			name = Debug;
		};
		AB5ADFE91D9EEAFB00571F93 /* Release */ = {
			isa = XCBuildConfiguration;
			buildSettings = {
				ASSETCATALOG_COMPILER_APPICON_NAME = AppIcon;
				DEVELOPMENT_TEAM = NQS57WE77C;
				INFOPLIST_FILE = PokemonAdam/Info.plist;
				IPHONEOS_DEPLOYMENT_TARGET = 10.0;
				LD_RUNPATH_SEARCH_PATHS = "$(inherited) @executable_path/Frameworks";
				PRODUCT_BUNDLE_IDENTIFIER = co.Cruzy.PokemonAdam;
				PRODUCT_NAME = "$(TARGET_NAME)";
				SWIFT_VERSION = 3.0;
				TARGETED_DEVICE_FAMILY = 1;
			};
			name = Release;
		};
/* End XCBuildConfiguration section */

/* Begin XCConfigurationList section */
		AB5ADFCD1D9EEAFB00571F93 /* Build configuration list for PBXProject "PokemonAdam" */ = {
			isa = XCConfigurationList;
			buildConfigurations = (
				AB5ADFE51D9EEAFB00571F93 /* Debug */,
				AB5ADFE61D9EEAFB00571F93 /* Release */,
			);
			defaultConfigurationIsVisible = 0;
			defaultConfigurationName = Release;
		};
		AB5ADFE71D9EEAFB00571F93 /* Build configuration list for PBXNativeTarget "PokemonAdam" */ = {
			isa = XCConfigurationList;
			buildConfigurations = (
				AB5ADFE81D9EEAFB00571F93 /* Debug */,
				AB5ADFE91D9EEAFB00571F93 /* Release */,
			);
			defaultConfigurationIsVisible = 0;
			defaultConfigurationName = Release;
		};
/* End XCConfigurationList section */

/* Begin XCVersionGroup section */
		AB5ADFDC1D9EEAFB00571F93 /* PokemonAdam.xcdatamodeld */ = {
			isa = XCVersionGroup;
			children = (
				AB5ADFDD1D9EEAFB00571F93 /* PokemonAdam.xcdatamodel */,
			);
			currentVersion = AB5ADFDD1D9EEAFB00571F93 /* PokemonAdam.xcdatamodel */;
			path = PokemonAdam.xcdatamodeld;
			sourceTree = "<group>";
			versionGroupType = wrapper.xcdatamodel;
		};
/* End XCVersionGroup section */
	};
	rootObject = AB5ADFCA1D9EEAFB00571F93 /* Project object */;
}
